
Microsoft Visual Studio Solution File, Format Version 10.00
# Visual Studio 2008
Project("{2150E333-8FDC-42A3-9474-1A3956D46DE8}") = "28181网关", "28181网关", "{4C172801-816B-4E5D-B074-BC449150FC07}"
EndProject
Project("{2150E333-8FDC-42A3-9474-1A3956D46DE8}") = "私有ID与国标ID互转", "私有ID与国标ID互转", "{09F11A66-EF60-407D-868F-D0584378069A}"
EndProject
Project("{8BC9CEB8-8B4A-11D0-8D11-00A0C91BC942}") = "bgPrivIdToGBId", "bgPrivIdToGBId\bgPrivIdToGBId.vcproj", "{AFFE2716-A93C-4623-9FF3-2747CB3A5E65}"
EndProject
Project("{2150E333-8FDC-42A3-9474-1A3956D46DE8}") = "依赖的开源项目", "依赖的开源项目", "{0B50F9BC-3689-49FC-A6FA-1B184060FC47}"
EndProject
Project("{2150E333-8FDC-42A3-9474-1A3956D46DE8}") = "流媒体", "流媒体", "{F0024748-47F4-48B9-B01E-1D48AC47183E}"
EndProject
Project("{2150E333-8FDC-42A3-9474-1A3956D46DE8}") = "拉流转发", "拉流转发", "{84DDF5C4-381A-443E-AF80-5DCCAF1C71E0}"
EndProject
Project("{2150E333-8FDC-42A3-9474-1A3956D46DE8}") = "网络服务", "网络服务", "{B2EBEE93-7C3B-4B91-A355-EA3EAC7B37C0}"
EndProject
Project("{2150E333-8FDC-42A3-9474-1A3956D46DE8}") = "Http服务器", "Http服务器", "{12C5E9A5-196B-4BCA-9060-E552C52C10B3}"
EndProject
Project("{8BC9CEB8-8B4A-11D0-8D11-00A0C91BC942}") = "bgHttpServer", "NetworkService\bgHttpServer\bgHttpServer.vcproj", "{BFD60D6C-F9DC-4354-A83B-40F098183825}"
EndProject
Global
	GlobalSection(SolutionConfigurationPlatforms) = preSolution
		Debug|Win32 = Debug|Win32
		Release|Win32 = Release|Win32
	EndGlobalSection
	GlobalSection(ProjectConfigurationPlatforms) = postSolution
		{AFFE2716-A93C-4623-9FF3-2747CB3A5E65}.Debug|Win32.ActiveCfg = Debug|Win32
		{AFFE2716-A93C-4623-9FF3-2747CB3A5E65}.Debug|Win32.Build.0 = Debug|Win32
		{AFFE2716-A93C-4623-9FF3-2747CB3A5E65}.Release|Win32.ActiveCfg = Release|Win32
		{AFFE2716-A93C-4623-9FF3-2747CB3A5E65}.Release|Win32.Build.0 = Release|Win32
		{BFD60D6C-F9DC-4354-A83B-40F098183825}.Debug|Win32.ActiveCfg = Debug|Win32
		{BFD60D6C-F9DC-4354-A83B-40F098183825}.Debug|Win32.Build.0 = Debug|Win32
		{BFD60D6C-F9DC-4354-A83B-40F098183825}.Release|Win32.ActiveCfg = Release|Win32
		{BFD60D6C-F9DC-4354-A83B-40F098183825}.Release|Win32.Build.0 = Release|Win32
	EndGlobalSection
	GlobalSection(SolutionProperties) = preSolution
		HideSolutionNode = FALSE
	EndGlobalSection
	GlobalSection(NestedProjects) = preSolution
		{09F11A66-EF60-407D-868F-D0584378069A} = {4C172801-816B-4E5D-B074-BC449150FC07}
		{AFFE2716-A93C-4623-9FF3-2747CB3A5E65} = {09F11A66-EF60-407D-868F-D0584378069A}
		{84DDF5C4-381A-443E-AF80-5DCCAF1C71E0} = {F0024748-47F4-48B9-B01E-1D48AC47183E}
		{12C5E9A5-196B-4BCA-9060-E552C52C10B3} = {B2EBEE93-7C3B-4B91-A355-EA3EAC7B37C0}
		{BFD60D6C-F9DC-4354-A83B-40F098183825} = {12C5E9A5-196B-4BCA-9060-E552C52C10B3}
	EndGlobalSection
EndGlobal
